
Microsoft Visual Studio Solution File, Format Version 12.00
# Visual Studio Version 17
VisualStudioVersion = 17.6.33815.320
MinimumVisualStudioVersion = 10.0.40219.1
Project("{FAE04EC0-301F-11D3-BF4B-00C04F79EFBC}") = "ConsoleUI", "ConsoleUI\ConsoleUI.csproj", "{304F49CB-371B-4405-A716-01ED5514F95A}"
EndProject
Project("{FAE04EC0-301F-11D3-BF4B-00C04F79EFBC}") = "Business", "Business\Business.csproj", "{C66D20AE-959F-48C2-A40C-F4852007C7BD}"
EndProject
Global
	GlobalSection(SolutionConfigurationPlatforms) = preSolution
		Debug|Any CPU = Debug|Any CPU
		Release|Any CPU = Release|Any CPU
	EndGlobalSection
	GlobalSection(ProjectConfigurationPlatforms) = postSolution
		{304F49CB-371B-4405-A716-01ED5514F95A}.Debug|Any CPU.ActiveCfg = Debug|Any CPU
		{304F49CB-371B-4405-A716-01ED5514F95A}.Debug|Any CPU.Build.0 = Debug|Any CPU
		{304F49CB-371B-4405-A716-01ED5514F95A}.Release|Any CPU.ActiveCfg = Release|Any CPU
		{304F49CB-371B-4405-A716-01ED5514F95A}.Release|Any CPU.Build.0 = Release|Any CPU
		{C66D20AE-959F-48C2-A40C-F4852007C7BD}.Debug|Any CPU.ActiveCfg = Debug|Any CPU
		{C66D20AE-959F-48C2-A40C-F4852007C7BD}.Debug|Any CPU.Build.0 = Debug|Any CPU
		{C66D20AE-959F-48C2-A40C-F4852007C7BD}.Release|Any CPU.ActiveCfg = Release|Any CPU
		{C66D20AE-959F-48C2-A40C-F4852007C7BD}.Release|Any CPU.Build.0 = Release|Any CPU
	EndGlobalSection
	GlobalSection(SolutionProperties) = preSolution
		HideSolutionNode = FALSE
	EndGlobalSection
	GlobalSection(ExtensibilityGlobals) = postSolution
		SolutionGuid = {C1207D1C-06EA-4AC5-98BA-6F69A181A310}
	EndGlobalSection
EndGlobal
